
Microsoft Visual Studio Solution File, Format Version 12.00
# Visual Studio Version 16
VisualStudioVersion = 16.0.29519.181
MinimumVisualStudioVersion = 10.0.40219.1
Project("{FAE04EC0-301F-11D3-BF4B-00C04F79EFBC}") = "Process Priority Control Console", "Process Priority Control Console\Process Priority Control Console.csproj", "{6D63F87C-B34F-4192-9628-74AC3C76F0CD}"
EndProject
Global
	GlobalSection(SolutionConfigurationPlatforms) = preSolution
		Debug|Any CPU = Debug|Any CPU
		Release|Any CPU = Release|Any CPU
	EndGlobalSection
	GlobalSection(ProjectConfigurationPlatforms) = postSolution
		{6D63F87C-B34F-4192-9628-74AC3C76F0CD}.Debug|Any CPU.ActiveCfg = Debug|Any CPU
		{6D63F87C-B34F-4192-9628-74AC3C76F0CD}.Debug|Any CPU.Build.0 = Debug|Any CPU
		{6D63F87C-B34F-4192-9628-74AC3C76F0CD}.Release|Any CPU.ActiveCfg = Release|Any CPU
		{6D63F87C-B34F-4192-9628-74AC3C76F0CD}.Release|Any CPU.Build.0 = Release|Any CPU
	EndGlobalSection
	GlobalSection(SolutionProperties) = preSolution
		HideSolutionNode = FALSE
	EndGlobalSection
	GlobalSection(ExtensibilityGlobals) = postSolution
		SolutionGuid = {39F4B11F-4C16-4D43-8384-FFF7F84C671D}
	EndGlobalSection
EndGlobal
